bitbucket.nentgroup.com/am/mam-go-lib v0.0.0-20190410154241-65838b874bcc h1:7P6y/t6qF/ImymuGtKH+cIqCzgjJ54iBmHjnjXo+Z/Q=
bitbucket.nentgroup.com/am/mam-go-lib v0.0.0-20190410154241-65838b874bcc/go.mod h1:/N2RpdguZcO3AaLNb97OHi9vryrlZOS1OjaZPJVlN7A=
github.com/pkg/errors v0.8.1/go.mod h1:bwawxfHBFNV+L2hUp1rHADufV3IMtnDRdf1r5NINEl0=
